
Microsoft Visual Studio Solution File, Format Version 12.00
# Visual Studio Version 16
VisualStudioVersion = 16.0.29709.97
MinimumVisualStudioVersion = 10.0.40219.1
Project("{9A19103F-16F7-4668-BE54-9A1E7A4F7556}") = "PasswordDemo", "PasswordDemo\PasswordDemo.csproj", "{5AE1837D-020C-4D9B-90BE-857E9892195C}"
EndProject
Project("{FAE04EC0-301F-11D3-BF4B-00C04F79EFBC}") = "CryptoUtils", "CryptoUtils\CryptoUtils.csproj", "{A9F560FB-AD76-42E4-8B0A-0D0B1C3E3A96}"
EndProject
Project("{FAE04EC0-301F-11D3-BF4B-00C04F79EFBC}") = "CryptoUtils.Tests", "CryptoUtils.Tests\CryptoUtils.Tests.csproj", "{9F223186-F09A-4B55-98D6-1F6BC727500A}"
EndProject
Global
	GlobalSection(SolutionConfigurationPlatforms) = preSolution
		Debug|Any CPU = Debug|Any CPU
		Release|Any CPU = Release|Any CPU
	EndGlobalSection
	GlobalSection(ProjectConfigurationPlatforms) = postSolution
		{5AE1837D-020C-4D9B-90BE-857E9892195C}.Debug|Any CPU.ActiveCfg = Debug|Any CPU
		{5AE1837D-020C-4D9B-90BE-857E9892195C}.Debug|Any CPU.Build.0 = Debug|Any CPU
		{5AE1837D-020C-4D9B-90BE-857E9892195C}.Release|Any CPU.ActiveCfg = Release|Any CPU
		{5AE1837D-020C-4D9B-90BE-857E9892195C}.Release|Any CPU.Build.0 = Release|Any CPU
		{A9F560FB-AD76-42E4-8B0A-0D0B1C3E3A96}.Debug|Any CPU.ActiveCfg = Debug|Any CPU
		{A9F560FB-AD76-42E4-8B0A-0D0B1C3E3A96}.Debug|Any CPU.Build.0 = Debug|Any CPU
		{A9F560FB-AD76-42E4-8B0A-0D0B1C3E3A96}.Release|Any CPU.ActiveCfg = Release|Any CPU
		{A9F560FB-AD76-42E4-8B0A-0D0B1C3E3A96}.Release|Any CPU.Build.0 = Release|Any CPU
		{9F223186-F09A-4B55-98D6-1F6BC727500A}.Debug|Any CPU.ActiveCfg = Debug|Any CPU
		{9F223186-F09A-4B55-98D6-1F6BC727500A}.Debug|Any CPU.Build.0 = Debug|Any CPU
		{9F223186-F09A-4B55-98D6-1F6BC727500A}.Release|Any CPU.ActiveCfg = Release|Any CPU
		{9F223186-F09A-4B55-98D6-1F6BC727500A}.Release|Any CPU.Build.0 = Release|Any CPU
	EndGlobalSection
	GlobalSection(SolutionProperties) = preSolution
		HideSolutionNode = FALSE
	EndGlobalSection
	GlobalSection(ExtensibilityGlobals) = postSolution
		SolutionGuid = {107113B4-F33A-49C8-8B9D-E30F9830885B}
	EndGlobalSection
EndGlobal
